
Microsoft Visual Studio Solution File, Format Version 12.00
# Visual Studio 15
VisualStudioVersion = 15.0.26228.10
MinimumVisualStudioVersion = 10.0.40219.1
Project("{FAE04EC0-301F-11D3-BF4B-00C04F79EFBC}") = "OdzeliNote.Repository", "OdzeliNote.Repository\OdzeliNote.Repository.csproj", "{75D6D370-9E95-4869-A62A-053805305EE8}"
EndProject
Project("{FAE04EC0-301F-11D3-BF4B-00C04F79EFBC}") = "OdzeliNote.Manager", "OdzeliNote.Manager\OdzeliNote.Manager.csproj", "{DF98F4BC-DE3D-4070-AA43-F3259C6205AD}"
EndProject
Project("{FAE04EC0-301F-11D3-BF4B-00C04F79EFBC}") = "OdzeliNote.Tests", "OdzeliNote.Tests\OdzeliNote.Tests.csproj", "{03E05ADA-EB51-44A5-BBC8-76288161E694}"
EndProject
Project("{FAE04EC0-301F-11D3-BF4B-00C04F79EFBC}") = "OdzeliNote.Api", "OdzeliNote.Api\OdzeliNote.Api.csproj", "{AC131DFB-5959-4AFB-BC66-08C431ECE3A5}"
EndProject
Global
	GlobalSection(SolutionConfigurationPlatforms) = preSolution
		Debug|Any CPU = Debug|Any CPU
		Release|Any CPU = Release|Any CPU
	EndGlobalSection
	GlobalSection(ProjectConfigurationPlatforms) = postSolution
		{75D6D370-9E95-4869-A62A-053805305EE8}.Debug|Any CPU.ActiveCfg = Debug|Any CPU
		{75D6D370-9E95-4869-A62A-053805305EE8}.Debug|Any CPU.Build.0 = Debug|Any CPU
		{75D6D370-9E95-4869-A62A-053805305EE8}.Release|Any CPU.ActiveCfg = Release|Any CPU
		{75D6D370-9E95-4869-A62A-053805305EE8}.Release|Any CPU.Build.0 = Release|Any CPU
		{DF98F4BC-DE3D-4070-AA43-F3259C6205AD}.Debug|Any CPU.ActiveCfg = Debug|Any CPU
		{DF98F4BC-DE3D-4070-AA43-F3259C6205AD}.Debug|Any CPU.Build.0 = Debug|Any CPU
		{DF98F4BC-DE3D-4070-AA43-F3259C6205AD}.Release|Any CPU.ActiveCfg = Release|Any CPU
		{DF98F4BC-DE3D-4070-AA43-F3259C6205AD}.Release|Any CPU.Build.0 = Release|Any CPU
		{03E05ADA-EB51-44A5-BBC8-76288161E694}.Debug|Any CPU.ActiveCfg = Debug|Any CPU
		{03E05ADA-EB51-44A5-BBC8-76288161E694}.Debug|Any CPU.Build.0 = Debug|Any CPU
		{03E05ADA-EB51-44A5-BBC8-76288161E694}.Release|Any CPU.ActiveCfg = Release|Any CPU
		{03E05ADA-EB51-44A5-BBC8-76288161E694}.Release|Any CPU.Build.0 = Release|Any CPU
		{AC131DFB-5959-4AFB-BC66-08C431ECE3A5}.Debug|Any CPU.ActiveCfg = Debug|Any CPU
		{AC131DFB-5959-4AFB-BC66-08C431ECE3A5}.Debug|Any CPU.Build.0 = Debug|Any CPU
		{AC131DFB-5959-4AFB-BC66-08C431ECE3A5}.Release|Any CPU.ActiveCfg = Release|Any CPU
		{AC131DFB-5959-4AFB-BC66-08C431ECE3A5}.Release|Any CPU.Build.0 = Release|Any CPU
	EndGlobalSection
	GlobalSection(SolutionProperties) = preSolution
		HideSolutionNode = FALSE
	EndGlobalSection
EndGlobal
